{
  "name": "dev-C240FA",
  "lockfileVersion": 3,
  "requires": true,
  "packages": {
    "": {
      "dependencies": {
        "poppins-font": "^1.0.1"
      }
    },
    "node_modules/poppins-font": {
      "version": "1.0.1",
      "resolved": "https://registry.npmjs.org/poppins-font/-/poppins-font-1.0.1.tgz",
      "integrity": "sha512-9kcrZhE3/0cXdp2X3J9akwprO6Age3MtDqdPjsd1bsd+mnbC+AAhmC3Xc13mlKDcBpLOD9Xs64uoq+3oLL5UYw=="
    }
  }
}
